// !$*UTF8*$!
{
	archiveVersion = 1;
	classes = {
	};
	objectVersion = 77;
	objects = {

/* Begin PBXBuildFile section */
		FB30AD5F2D92D13000183F12 /* HorizonCalendar in Frameworks */ = {isa = PBXBuildFile; productRef = FB30AD5E2D92D13000183F12 /* HorizonCalendar */; };
		FB5A801F2D947EDF00062B8F /* FirebaseAppCheck in Frameworks */ = {isa = PBXBuildFile; productRef = FB5A801E2D947EDF00062B8F /* FirebaseAppCheck */; };
		FB5A80212D947EDF00062B8F /* FirebaseAuth in Frameworks */ = {isa = PBXBuildFile; productRef = FB5A80202D947EDF00062B8F /* FirebaseAuth */; };
		FB5A80232D947EDF00062B8F /* FirebaseAuthCombine-Community in Frameworks */ = {isa = PBXBuildFile; productRef = FB5A80222D947EDF00062B8F /* FirebaseAuthCombine-Community */; };
		FB5A80252D947EDF00062B8F /* FirebaseCore in Frameworks */ = {isa = PBXBuildFile; productRef = FB5A80242D947EDF00062B8F /* FirebaseCore */; };
		FB5A80272D947EDF00062B8F /* FirebaseDatabase in Frameworks */ = {isa = PBXBuildFile; productRef = FB5A80262D947EDF00062B8F /* FirebaseDatabase */; };
		FB5A80292D947EDF00062B8F /* FirebaseFirestore in Frameworks */ = {isa = PBXBuildFile; productRef = FB5A80282D947EDF00062B8F /* FirebaseFirestore */; };
		FB5A802B2D947EDF00062B8F /* FirebaseFirestoreCombine-Community in Frameworks */ = {isa = PBXBuildFile; productRef = FB5A802A2D947EDF00062B8F /* FirebaseFirestoreCombine-Community */; };
		FB5A802D2D947EDF00062B8F /* FirebaseStorage in Frameworks */ = {isa = PBXBuildFile; productRef = FB5A802C2D947EDF00062B8F /* FirebaseStorage */; };
		FBB1B1BB2D905D7F00B30C49 /* Modals in Frameworks */ = {isa = PBXBuildFile; productRef = FBB1B1BA2D905D7F00B30C49 /* Modals */; };
/* End PBXBuildFile section */

/* Begin PBXContainerItemProxy section */
		FBCDBE372D87476A0042E299 /* PBXContainerItemProxy */ = {
			isa = PBXContainerItemProxy;
			containerPortal = FBCDBE1E2D8747680042E299 /* Project object */;
			proxyType = 1;
			remoteGlobalIDString = FBCDBE252D8747680042E299;
			remoteInfo = "Airbnb Clone";
		};
		FBCDBE412D87476A0042E299 /* PBXContainerItemProxy */ = {
			isa = PBXContainerItemProxy;
			containerPortal = FBCDBE1E2D8747680042E299 /* Project object */;
			proxyType = 1;
			remoteGlobalIDString = FBCDBE252D8747680042E299;
			remoteInfo = "Airbnb Clone";
		};
/* End PBXContainerItemProxy section */

/* Begin PBXFileReference section */
		FBCDBE262D8747690042E299 /* Airbnb Clone.app */ = {isa = PBXFileReference; explicitFileType = wrapper.application; includeInIndex = 0; path = "Airbnb Clone.app"; sourceTree = BUILT_PRODUCTS_DIR; };
		FBCDBE362D87476A0042E299 /* Airbnb CloneTests.xctest */ = {isa = PBXFileReference; explicitFileType = wrapper.cfbundle; includeInIndex = 0; path = "Airbnb CloneTests.xctest"; sourceTree = BUILT_PRODUCTS_DIR; };
		FBCDBE402D87476A0042E299 /* Airbnb CloneUITests.xctest */ = {isa = PBXFileReference; explicitFileType = wrapper.cfbundle; includeInIndex = 0; path = "Airbnb CloneUITests.xctest"; sourceTree = BUILT_PRODUCTS_DIR; };
/* End PBXFileReference section */

/* Begin PBXFileSystemSynchronizedRootGroup section */
		FBCDBE282D8747690042E299 /* Airbnb Clone */ = {
			isa = PBXFileSystemSynchronizedRootGroup;
			path = "Airbnb Clone";
			sourceTree = "<group>";
		};
		FBCDBE392D87476A0042E299 /* Airbnb CloneTests */ = {
			isa = PBXFileSystemSynchronizedRootGroup;
			path = "Airbnb CloneTests";
			sourceTree = "<group>";
		};
		FBCDBE432D87476A0042E299 /* Airbnb CloneUITests */ = {
			isa = PBXFileSystemSynchronizedRootGroup;
			path = "Airbnb CloneUITests";
			sourceTree = "<group>";
		};
/* End PBXFileSystemSynchronizedRootGroup section */

/* Begin PBXFrameworksBuildPhase section */
		FBCDBE232D8747680042E299 /* Frameworks */ = {
			isa = PBXFrameworksBuildPhase;
			buildActionMask = 2147483647;
			files = (
				FB30AD5F2D92D13000183F12 /* HorizonCalendar in Frameworks */,
				FB5A801F2D947EDF00062B8F /* FirebaseAppCheck in Frameworks */,
				FBB1B1BB2D905D7F00B30C49 /* Modals in Frameworks */,
				FB5A802D2D947EDF00062B8F /* FirebaseStorage in Frameworks */,
				FB5A802B2D947EDF00062B8F /* FirebaseFirestoreCombine-Community in Frameworks */,
				FB5A80212D947EDF00062B8F /* FirebaseAuth in Frameworks */,
				FB5A80252D947EDF00062B8F /* FirebaseCore in Frameworks */,
				FB5A80292D947EDF00062B8F /* FirebaseFirestore in Frameworks */,
				FB5A80272D947EDF00062B8F /* FirebaseDatabase in Frameworks */,
				FB5A80232D947EDF00062B8F /* FirebaseAuthCombine-Community in Frameworks */,
			);
			runOnlyForDeploymentPostprocessing = 0;
		};
		FBCDBE332D87476A0042E299 /* Frameworks */ = {
			isa = PBXFrameworksBuildPhase;
			buildActionMask = 2147483647;
			files = (
			);
			runOnlyForDeploymentPostprocessing = 0;
		};
		FBCDBE3D2D87476A0042E299 /* Frameworks */ = {
			isa = PBXFrameworksBuildPhase;
			buildActionMask = 2147483647;
			files = (
			);
			runOnlyForDeploymentPostprocessing = 0;
		};
/* End PBXFrameworksBuildPhase section */

/* Begin PBXGroup section */
		FBCDBE1D2D8747680042E299 = {
			isa = PBXGroup;
			children = (
				FBCDBE282D8747690042E299 /* Airbnb Clone */,
				FBCDBE392D87476A0042E299 /* Airbnb CloneTests */,
				FBCDBE432D87476A0042E299 /* Airbnb CloneUITests */,
				FBCDBE272D8747690042E299 /* Products */,
			);
			sourceTree = "<group>";
		};
		FBCDBE272D8747690042E299 /* Products */ = {
			isa = PBXGroup;
			children = (
				FBCDBE262D8747690042E299 /* Airbnb Clone.app */,
				FBCDBE362D87476A0042E299 /* Airbnb CloneTests.xctest */,
				FBCDBE402D87476A0042E299 /* Airbnb CloneUITests.xctest */,
			);
			name = Products;
			sourceTree = "<group>";
		};
/* End PBXGroup section */

/* Begin PBXNativeTarget section */
		FBCDBE252D8747680042E299 /* Airbnb Clone */ = {
			isa = PBXNativeTarget;
			buildConfigurationList = FBCDBE4A2D87476A0042E299 /* Build configuration list for PBXNativeTarget "Airbnb Clone" */;
			buildPhases = (
				FBCDBE222D8747680042E299 /* Sources */,
				FBCDBE232D8747680042E299 /* Frameworks */,
				FBCDBE242D8747680042E299 /* Resources */,
			);
			buildRules = (
			);
			dependencies = (
			);
			fileSystemSynchronizedGroups = (
				FBCDBE282D8747690042E299 /* Airbnb Clone */,
			);
			name = "Airbnb Clone";
			packageProductDependencies = (
				FBB1B1BA2D905D7F00B30C49 /* Modals */,
				FB30AD5E2D92D13000183F12 /* HorizonCalendar */,
				FB5A801E2D947EDF00062B8F /* FirebaseAppCheck */,
				FB5A80202D947EDF00062B8F /* FirebaseAuth */,
				FB5A80222D947EDF00062B8F /* FirebaseAuthCombine-Community */,
				FB5A80242D947EDF00062B8F /* FirebaseCore */,
				FB5A80262D947EDF00062B8F /* FirebaseDatabase */,
				FB5A80282D947EDF00062B8F /* FirebaseFirestore */,
				FB5A802A2D947EDF00062B8F /* FirebaseFirestoreCombine-Community */,
				FB5A802C2D947EDF00062B8F /* FirebaseStorage */,
			);
			productName = "Airbnb Clone";
			productReference = FBCDBE262D8747690042E299 /* Airbnb Clone.app */;
			productType = "com.apple.product-type.application";
		};
		FBCDBE352D87476A0042E299 /* Airbnb CloneTests */ = {
			isa = PBXNativeTarget;
			buildConfigurationList = FBCDBE4D2D87476A0042E299 /* Build configuration list for PBXNativeTarget "Airbnb CloneTests" */;
			buildPhases = (
				FBCDBE322D87476A0042E299 /* Sources */,
				FBCDBE332D87476A0042E299 /* Frameworks */,
				FBCDBE342D87476A0042E299 /* Resources */,
			);
			buildRules = (
			);
			dependencies = (
				FBCDBE382D87476A0042E299 /* PBXTargetDependency */,
			);
			fileSystemSynchronizedGroups = (
				FBCDBE392D87476A0042E299 /* Airbnb CloneTests */,
			);
			name = "Airbnb CloneTests";
			packageProductDependencies = (
			);
			productName = "Airbnb CloneTests";
			productReference = FBCDBE362D87476A0042E299 /* Airbnb CloneTests.xctest */;
			productType = "com.apple.product-type.bundle.unit-test";
		};
		FBCDBE3F2D87476A0042E299 /* Airbnb CloneUITests */ = {
			isa = PBXNativeTarget;
			buildConfigurationList = FBCDBE502D87476A0042E299 /* Build configuration list for PBXNativeTarget "Airbnb CloneUITests" */;
			buildPhases = (
				FBCDBE3C2D87476A0042E299 /* Sources */,
				FBCDBE3D2D87476A0042E299 /* Frameworks */,
				FBCDBE3E2D87476A0042E299 /* Resources */,
			);
			buildRules = (
			);
			dependencies = (
				FBCDBE422D87476A0042E299 /* PBXTargetDependency */,
			);
			fileSystemSynchronizedGroups = (
				FBCDBE432D87476A0042E299 /* Airbnb CloneUITests */,
			);
			name = "Airbnb CloneUITests";
			packageProductDependencies = (
			);
			productName = "Airbnb CloneUITests";
			productReference = FBCDBE402D87476A0042E299 /* Airbnb CloneUITests.xctest */;
			productType = "com.apple.product-type.bundle.ui-testing";
		};
/* End PBXNativeTarget section */

/* Begin PBXProject section */
		FBCDBE1E2D8747680042E299 /* Project object */ = {
			isa = PBXProject;
			attributes = {
				BuildIndependentTargetsInParallel = 1;
				LastSwiftUpdateCheck = 1600;
				LastUpgradeCheck = 1600;
				TargetAttributes = {
					FBCDBE252D8747680042E299 = {
						CreatedOnToolsVersion = 16.0;
					};
					FBCDBE352D87476A0042E299 = {
						CreatedOnToolsVersion = 16.0;
						TestTargetID = FBCDBE252D8747680042E299;
					};
					FBCDBE3F2D87476A0042E299 = {
						CreatedOnToolsVersion = 16.0;
						TestTargetID = FBCDBE252D8747680042E299;
					};
				};
			};
			buildConfigurationList = FBCDBE212D8747680042E299 /* Build configuration list for PBXProject "Airbnb Clone" */;
			developmentRegion = en;
			hasScannedForEncodings = 0;
			knownRegions = (
				en,
				Base,
			);
			mainGroup = FBCDBE1D2D8747680042E299;
			minimizedProjectReferenceProxies = 1;
			packageReferences = (
				FBB1B1B92D905D7F00B30C49 /* XCRemoteSwiftPackageReference "Modals" */,
				FB30AD5D2D92D13000183F12 /* XCRemoteSwiftPackageReference "HorizonCalendar" */,
				FB5A801D2D947EDF00062B8F /* XCRemoteSwiftPackageReference "firebase-ios-sdk" */,
			);
			preferredProjectObjectVersion = 77;
			productRefGroup = FBCDBE272D8747690042E299 /* Products */;
			projectDirPath = "";
			projectRoot = "";
			targets = (
				FBCDBE252D8747680042E299 /* Airbnb Clone */,
				FBCDBE352D87476A0042E299 /* Airbnb CloneTests */,
				FBCDBE3F2D87476A0042E299 /* Airbnb CloneUITests */,
			);
		};
/* End PBXProject section */

/* Begin PBXResourcesBuildPhase section */
		FBCDBE242D8747680042E299 /* Resources */ = {
			isa = PBXResourcesBuildPhase;
			buildActionMask = 2147483647;
			files = (
			);
			runOnlyForDeploymentPostprocessing = 0;
		};
		FBCDBE342D87476A0042E299 /* Resources */ = {
			isa = PBXResourcesBuildPhase;
			buildActionMask = 2147483647;
			files = (
			);
			runOnlyForDeploymentPostprocessing = 0;
		};
		FBCDBE3E2D87476A0042E299 /* Resources */ = {
			isa = PBXResourcesBuildPhase;
			buildActionMask = 2147483647;
			files = (
			);
			runOnlyForDeploymentPostprocessing = 0;
		};
/* End PBXResourcesBuildPhase section */

/* Begin PBXSourcesBuildPhase section */
		FBCDBE222D8747680042E299 /* Sources */ = {
			isa = PBXSourcesBuildPhase;
			buildActionMask = 2147483647;
			files = (
			);
			runOnlyForDeploymentPostprocessing = 0;
		};
		FBCDBE322D87476A0042E299 /* Sources */ = {
			isa = PBXSourcesBuildPhase;
			buildActionMask = 2147483647;
			files = (
			);
			runOnlyForDeploymentPostprocessing = 0;
		};
		FBCDBE3C2D87476A0042E299 /* Sources */ = {
			isa = PBXSourcesBuildPhase;
			buildActionMask = 2147483647;
			files = (
			);
			runOnlyForDeploymentPostprocessing = 0;
		};
/* End PBXSourcesBuildPhase section */

/* Begin PBXTargetDependency section */
		FBCDBE382D87476A0042E299 /* PBXTargetDependency */ = {
			isa = PBXTargetDependency;
			target = FBCDBE252D8747680042E299 /* Airbnb Clone */;
			targetProxy = FBCDBE372D87476A0042E299 /* PBXContainerItemProxy */;
		};
		FBCDBE422D87476A0042E299 /* PBXTargetDependency */ = {
			isa = PBXTargetDependency;
			target = FBCDBE252D8747680042E299 /* Airbnb Clone */;
			targetProxy = FBCDBE412D87476A0042E299 /* PBXContainerItemProxy */;
		};
/* End PBXTargetDependency section */

/* Begin XCBuildConfiguration section */
		FBCDBE482D87476A0042E299 /* Debug */ = {
			isa = XCBuildConfiguration;
			buildSettings = {
				ALWAYS_SEARCH_USER_PATHS = NO;
				ASSETCATALOG_COMPILER_GENERATE_SWIFT_ASSET_SYMBOL_EXTENSIONS = YES;
				CLANG_ANALYZER_NONNULL = YES;
				CLANG_ANALYZER_NUMBER_OBJECT_CONVERSION = YES_AGGRESSIVE;
				CLANG_CXX_LANGUAGE_STANDARD = "gnu++20";
				CLANG_ENABLE_MODULES = YES;
				CLANG_ENABLE_OBJC_ARC = YES;
				CLANG_ENABLE_OBJC_WEAK = YES;
				CLANG_WARN_BLOCK_CAPTURE_AUTORELEASING = YES;
				CLANG_WARN_BOOL_CONVERSION = YES;
				CLANG_WARN_COMMA = YES;
				CLANG_WARN_CONSTANT_CONVERSION = YES;
				CLANG_WARN_DEPRECATED_OBJC_IMPLEMENTATIONS = YES;
				CLANG_WARN_DIRECT_OBJC_ISA_USAGE = YES_ERROR;
				CLANG_WARN_DOCUMENTATION_COMMENTS = YES;
				CLANG_WARN_EMPTY_BODY = YES;
				CLANG_WARN_ENUM_CONVERSION = YES;
				CLANG_WARN_INFINITE_RECURSION = YES;
				CLANG_WARN_INT_CONVERSION = YES;
				CLANG_WARN_NON_LITERAL_NULL_CONVERSION = YES;
				CLANG_WARN_OBJC_IMPLICIT_RETAIN_SELF = YES;
				CLANG_WARN_OBJC_LITERAL_CONVERSION = YES;
				CLANG_WARN_OBJC_ROOT_CLASS = YES_ERROR;
				CLANG_WARN_QUOTED_INCLUDE_IN_FRAMEWORK_HEADER = YES;
				CLANG_WARN_RANGE_LOOP_ANALYSIS = YES;
				CLANG_WARN_STRICT_PROTOTYPES = YES;
				CLANG_WARN_SUSPICIOUS_MOVE = YES;
				CLANG_WARN_UNGUARDED_AVAILABILITY = YES_AGGRESSIVE;
				CLANG_WARN_UNREACHABLE_CODE = YES;
				CLANG_WARN__DUPLICATE_METHOD_MATCH = YES;
				COPY_PHASE_STRIP = NO;
				DEBUG_INFORMATION_FORMAT = dwarf;
				ENABLE_STRICT_OBJC_MSGSEND = YES;
				ENABLE_TESTABILITY = YES;
				ENABLE_USER_SCRIPT_SANDBOXING = YES;
				GCC_C_LANGUAGE_STANDARD = gnu17;
				GCC_DYNAMIC_NO_PIC = NO;
				GCC_NO_COMMON_BLOCKS = YES;
				GCC_OPTIMIZATION_LEVEL = 0;
				GCC_PREPROCESSOR_DEFINITIONS = (
					"DEBUG=1",
					"$(inherited)",
				);
				GCC_WARN_64_TO_32_BIT_CONVERSION = YES;
				GCC_WARN_ABOUT_RETURN_TYPE = YES_ERROR;
				GCC_WARN_UNDECLARED_SELECTOR = YES;
				GCC_WARN_UNINITIALIZED_AUTOS = YES_AGGRESSIVE;
				GCC_WARN_UNUSED_FUNCTION = YES;
				GCC_WARN_UNUSED_VARIABLE = YES;
				IPHONEOS_DEPLOYMENT_TARGET = 18.0;
				LOCALIZATION_PREFERS_STRING_CATALOGS = YES;
				MTL_ENABLE_DEBUG_INFO = INCLUDE_SOURCE;
				MTL_FAST_MATH = YES;
				ONLY_ACTIVE_ARCH = YES;
				SDKROOT = iphoneos;
				SWIFT_ACTIVE_COMPILATION_CONDITIONS = "DEBUG $(inherited)";
				SWIFT_OPTIMIZATION_LEVEL = "-Onone";
			};
			name = Debug;
		};
		FBCDBE492D87476A0042E299 /* Release */ = {
			isa = XCBuildConfiguration;
			buildSettings = {
				ALWAYS_SEARCH_USER_PATHS = NO;
				ASSETCATALOG_COMPILER_GENERATE_SWIFT_ASSET_SYMBOL_EXTENSIONS = YES;
				CLANG_ANALYZER_NONNULL = YES;
				CLANG_ANALYZER_NUMBER_OBJECT_CONVERSION = YES_AGGRESSIVE;
				CLANG_CXX_LANGUAGE_STANDARD = "gnu++20";
				CLANG_ENABLE_MODULES = YES;
				CLANG_ENABLE_OBJC_ARC = YES;
				CLANG_ENABLE_OBJC_WEAK = YES;
				CLANG_WARN_BLOCK_CAPTURE_AUTORELEASING = YES;
				CLANG_WARN_BOOL_CONVERSION = YES;
				CLANG_WARN_COMMA = YES;
				CLANG_WARN_CONSTANT_CONVERSION = YES;
				CLANG_WARN_DEPRECATED_OBJC_IMPLEMENTATIONS = YES;
				CLANG_WARN_DIRECT_OBJC_ISA_USAGE = YES_ERROR;
				CLANG_WARN_DOCUMENTATION_COMMENTS = YES;
				CLANG_WARN_EMPTY_BODY = YES;
				CLANG_WARN_ENUM_CONVERSION = YES;
				CLANG_WARN_INFINITE_RECURSION = YES;
				CLANG_WARN_INT_CONVERSION = YES;
				CLANG_WARN_NON_LITERAL_NULL_CONVERSION = YES;
				CLANG_WARN_OBJC_IMPLICIT_RETAIN_SELF = YES;
				CLANG_WARN_OBJC_LITERAL_CONVERSION = YES;
				CLANG_WARN_OBJC_ROOT_CLASS = YES_ERROR;
				CLANG_WARN_QUOTED_INCLUDE_IN_FRAMEWORK_HEADER = YES;
				CLANG_WARN_RANGE_LOOP_ANALYSIS = YES;
				CLANG_WARN_STRICT_PROTOTYPES = YES;
				CLANG_WARN_SUSPICIOUS_MOVE = YES;
				CLANG_WARN_UNGUARDED_AVAILABILITY = YES_AGGRESSIVE;
				CLANG_WARN_UNREACHABLE_CODE = YES;
				CLANG_WARN__DUPLICATE_METHOD_MATCH = YES;
				COPY_PHASE_STRIP = NO;
				DEBUG_INFORMATION_FORMAT = "dwarf-with-dsym";
				ENABLE_NS_ASSERTIONS = NO;
				ENABLE_STRICT_OBJC_MSGSEND = YES;
				ENABLE_USER_SCRIPT_SANDBOXING = YES;
				GCC_C_LANGUAGE_STANDARD = gnu17;
				GCC_NO_COMMON_BLOCKS = YES;
				GCC_WARN_64_TO_32_BIT_CONVERSION = YES;
				GCC_WARN_ABOUT_RETURN_TYPE = YES_ERROR;
				GCC_WARN_UNDECLARED_SELECTOR = YES;
				GCC_WARN_UNINITIALIZED_AUTOS = YES_AGGRESSIVE;
				GCC_WARN_UNUSED_FUNCTION = YES;
				GCC_WARN_UNUSED_VARIABLE = YES;
				IPHONEOS_DEPLOYMENT_TARGET = 18.0;
				LOCALIZATION_PREFERS_STRING_CATALOGS = YES;
				MTL_ENABLE_DEBUG_INFO = NO;
				MTL_FAST_MATH = YES;
				SDKROOT = iphoneos;
				SWIFT_COMPILATION_MODE = wholemodule;
				VALIDATE_PRODUCT = YES;
			};
			name = Release;
		};
		FBCDBE4B2D87476A0042E299 /* Debug */ = {
			isa = XCBuildConfiguration;
			buildSettings = {
				ASSETCATALOG_COMPILER_APPICON_NAME = AppIcon;
				ASSETCATALOG_COMPILER_GLOBAL_ACCENT_COLOR_NAME = AccentColor;
				CODE_SIGN_STYLE = Automatic;
				CURRENT_PROJECT_VERSION = 1;
				DEVELOPMENT_ASSET_PATHS = "\"Airbnb Clone/Preview Content\"";
				DEVELOPMENT_TEAM = 4F53M4FB2W;
				ENABLE_PREVIEWS = YES;
				GENERATE_INFOPLIST_FILE = YES;
				INFOPLIST_KEY_UIApplicationSceneManifest_Generation = YES;
				INFOPLIST_KEY_UIApplicationSupportsIndirectInputEvents = YES;
				INFOPLIST_KEY_UILaunchScreen_Generation = YES;
				INFOPLIST_KEY_UISupportedInterfaceOrientations_iPad = "UIInterfaceOrientationPortrait UIInterfaceOrientationPortraitUpsideDown UIInterfaceOrientationLandscapeLeft UIInterfaceOrientationLandscapeRight";
				INFOPLIST_KEY_UISupportedInterfaceOrientations_iPhone = "UIInterfaceOrientationPortrait UIInterfaceOrientationLandscapeLeft UIInterfaceOrientationLandscapeRight";
				LD_RUNPATH_SEARCH_PATHS = (
					"$(inherited)",
					"@executable_path/Frameworks",
				);
				MARKETING_VERSION = 1.0;
				PRODUCT_BUNDLE_IDENTIFIER = "swiftprojects.Airbnb-Clone";
				PRODUCT_NAME = "$(TARGET_NAME)";
				SWIFT_EMIT_LOC_STRINGS = YES;
				SWIFT_VERSION = 5.0;
				TARGETED_DEVICE_FAMILY = "1,2";
			};
			name = Debug;
		};
		FBCDBE4C2D87476A0042E299 /* Release */ = {
			isa = XCBuildConfiguration;
			buildSettings = {
				ASSETCATALOG_COMPILER_APPICON_NAME = AppIcon;
				ASSETCATALOG_COMPILER_GLOBAL_ACCENT_COLOR_NAME = AccentColor;
				CODE_SIGN_STYLE = Automatic;
				CURRENT_PROJECT_VERSION = 1;
				DEVELOPMENT_ASSET_PATHS = "\"Airbnb Clone/Preview Content\"";
				DEVELOPMENT_TEAM = 4F53M4FB2W;
				ENABLE_PREVIEWS = YES;
				GENERATE_INFOPLIST_FILE = YES;
				INFOPLIST_KEY_UIApplicationSceneManifest_Generation = YES;
				INFOPLIST_KEY_UIApplicationSupportsIndirectInputEvents = YES;
				INFOPLIST_KEY_UILaunchScreen_Generation = YES;
				INFOPLIST_KEY_UISupportedInterfaceOrientations_iPad = "UIInterfaceOrientationPortrait UIInterfaceOrientationPortraitUpsideDown UIInterfaceOrientationLandscapeLeft UIInterfaceOrientationLandscapeRight";
				INFOPLIST_KEY_UISupportedInterfaceOrientations_iPhone = "UIInterfaceOrientationPortrait UIInterfaceOrientationLandscapeLeft UIInterfaceOrientationLandscapeRight";
				LD_RUNPATH_SEARCH_PATHS = (
					"$(inherited)",
					"@executable_path/Frameworks",
				);
				MARKETING_VERSION = 1.0;
				PRODUCT_BUNDLE_IDENTIFIER = "swiftprojects.Airbnb-Clone";
				PRODUCT_NAME = "$(TARGET_NAME)";
				SWIFT_EMIT_LOC_STRINGS = YES;
				SWIFT_VERSION = 5.0;
				TARGETED_DEVICE_FAMILY = "1,2";
			};
			name = Release;
		};
		FBCDBE4E2D87476A0042E299 /* Debug */ = {
			isa = XCBuildConfiguration;
			buildSettings = {
				BUNDLE_LOADER = "$(TEST_HOST)";
				CODE_SIGN_STYLE = Automatic;
				CURRENT_PROJECT_VERSION = 1;
				DEVELOPMENT_TEAM = 4F53M4FB2W;
				GENERATE_INFOPLIST_FILE = YES;
				IPHONEOS_DEPLOYMENT_TARGET = 18.0;
				MARKETING_VERSION = 1.0;
				PRODUCT_BUNDLE_IDENTIFIER = "swiftprojects.Airbnb-CloneTests";
				PRODUCT_NAME = "$(TARGET_NAME)";
				SWIFT_EMIT_LOC_STRINGS = NO;
				SWIFT_VERSION = 5.0;
				TARGETED_DEVICE_FAMILY = "1,2";
				TEST_HOST = "$(BUILT_PRODUCTS_DIR)/Airbnb Clone.app/$(BUNDLE_EXECUTABLE_FOLDER_PATH)/Airbnb Clone";
			};
			name = Debug;
		};
		FBCDBE4F2D87476A0042E299 /* Release */ = {
			isa = XCBuildConfiguration;
			buildSettings = {
				BUNDLE_LOADER = "$(TEST_HOST)";
				CODE_SIGN_STYLE = Automatic;
				CURRENT_PROJECT_VERSION = 1;
				DEVELOPMENT_TEAM = 4F53M4FB2W;
				GENERATE_INFOPLIST_FILE = YES;
				IPHONEOS_DEPLOYMENT_TARGET = 18.0;
				MARKETING_VERSION = 1.0;
				PRODUCT_BUNDLE_IDENTIFIER = "swiftprojects.Airbnb-CloneTests";
				PRODUCT_NAME = "$(TARGET_NAME)";
				SWIFT_EMIT_LOC_STRINGS = NO;
				SWIFT_VERSION = 5.0;
				TARGETED_DEVICE_FAMILY = "1,2";
				TEST_HOST = "$(BUILT_PRODUCTS_DIR)/Airbnb Clone.app/$(BUNDLE_EXECUTABLE_FOLDER_PATH)/Airbnb Clone";
			};
			name = Release;
		};
		FBCDBE512D87476A0042E299 /* Debug */ = {
			isa = XCBuildConfiguration;
			buildSettings = {
				CODE_SIGN_STYLE = Automatic;
				CURRENT_PROJECT_VERSION = 1;
				DEVELOPMENT_TEAM = 4F53M4FB2W;
				GENERATE_INFOPLIST_FILE = YES;
				MARKETING_VERSION = 1.0;
				PRODUCT_BUNDLE_IDENTIFIER = "swiftprojects.Airbnb-CloneUITests";
				PRODUCT_NAME = "$(TARGET_NAME)";
				SWIFT_EMIT_LOC_STRINGS = NO;
				SWIFT_VERSION = 5.0;
				TARGETED_DEVICE_FAMILY = "1,2";
				TEST_TARGET_NAME = "Airbnb Clone";
			};
			name = Debug;
		};
		FBCDBE522D87476A0042E299 /* Release */ = {
			isa = XCBuildConfiguration;
			buildSettings = {
				CODE_SIGN_STYLE = Automatic;
				CURRENT_PROJECT_VERSION = 1;
				DEVELOPMENT_TEAM = 4F53M4FB2W;
				GENERATE_INFOPLIST_FILE = YES;
				MARKETING_VERSION = 1.0;
				PRODUCT_BUNDLE_IDENTIFIER = "swiftprojects.Airbnb-CloneUITests";
				PRODUCT_NAME = "$(TARGET_NAME)";
				SWIFT_EMIT_LOC_STRINGS = NO;
				SWIFT_VERSION = 5.0;
				TARGETED_DEVICE_FAMILY = "1,2";
				TEST_TARGET_NAME = "Airbnb Clone";
			};
			name = Release;
		};
/* End XCBuildConfiguration section */

/* Begin XCConfigurationList section */
		FBCDBE212D8747680042E299 /* Build configuration list for PBXProject "Airbnb Clone" */ = {
			isa = XCConfigurationList;
			buildConfigurations = (
				FBCDBE482D87476A0042E299 /* Debug */,
				FBCDBE492D87476A0042E299 /* Release */,
			);
			defaultConfigurationIsVisible = 0;
			defaultConfigurationName = Release;
		};
		FBCDBE4A2D87476A0042E299 /* Build configuration list for PBXNativeTarget "Airbnb Clone" */ = {
			isa = XCConfigurationList;
			buildConfigurations = (
				FBCDBE4B2D87476A0042E299 /* Debug */,
				FBCDBE4C2D87476A0042E299 /* Release */,
			);
			defaultConfigurationIsVisible = 0;
			defaultConfigurationName = Release;
		};
		FBCDBE4D2D87476A0042E299 /* Build configuration list for PBXNativeTarget "Airbnb CloneTests" */ = {
			isa = XCConfigurationList;
			buildConfigurations = (
				FBCDBE4E2D87476A0042E299 /* Debug */,
				FBCDBE4F2D87476A0042E299 /* Release */,
			);
			defaultConfigurationIsVisible = 0;
			defaultConfigurationName = Release;
		};
		FBCDBE502D87476A0042E299 /* Build configuration list for PBXNativeTarget "Airbnb CloneUITests" */ = {
			isa = XCConfigurationList;
			buildConfigurations = (
				FBCDBE512D87476A0042E299 /* Debug */,
				FBCDBE522D87476A0042E299 /* Release */,
			);
			defaultConfigurationIsVisible = 0;
			defaultConfigurationName = Release;
		};
/* End XCConfigurationList section */

/* Begin XCRemoteSwiftPackageReference section */
		FB30AD5D2D92D13000183F12 /* XCRemoteSwiftPackageReference "HorizonCalendar" */ = {
			isa = XCRemoteSwiftPackageReference;
			repositoryURL = "https://github.com/airbnb/HorizonCalendar.git";
			requirement = {
				branch = master;
				kind = branch;
			};
		};
		FB5A801D2D947EDF00062B8F /* XCRemoteSwiftPackageReference "firebase-ios-sdk" */ = {
			isa = XCRemoteSwiftPackageReference;
			repositoryURL = "https://github.com/firebase/firebase-ios-sdk";
			requirement = {
				kind = upToNextMajorVersion;
				minimumVersion = 11.10.0;
			};
		};
		FBB1B1B92D905D7F00B30C49 /* XCRemoteSwiftPackageReference "Modals" */ = {
			isa = XCRemoteSwiftPackageReference;
			repositoryURL = "https://github.com/newmaterialco/Modals.git";
			requirement = {
				branch = main;
				kind = branch;
			};
		};
/* End XCRemoteSwiftPackageReference section */

/* Begin XCSwiftPackageProductDependency section */
		FB30AD5E2D92D13000183F12 /* HorizonCalendar */ = {
			isa = XCSwiftPackageProductDependency;
			package = FB30AD5D2D92D13000183F12 /* XCRemoteSwiftPackageReference "HorizonCalendar" */;
			productName = HorizonCalendar;
		};
		FB5A801E2D947EDF00062B8F /* FirebaseAppCheck */ = {
			isa = XCSwiftPackageProductDependency;
			package = FB5A801D2D947EDF00062B8F /* XCRemoteSwiftPackageReference "firebase-ios-sdk" */;
			productName = FirebaseAppCheck;
		};
		FB5A80202D947EDF00062B8F /* FirebaseAuth */ = {
			isa = XCSwiftPackageProductDependency;
			package = FB5A801D2D947EDF00062B8F /* XCRemoteSwiftPackageReference "firebase-ios-sdk" */;
			productName = FirebaseAuth;
		};
		FB5A80222D947EDF00062B8F /* FirebaseAuthCombine-Community */ = {
			isa = XCSwiftPackageProductDependency;
			package = FB5A801D2D947EDF00062B8F /* XCRemoteSwiftPackageReference "firebase-ios-sdk" */;
			productName = "FirebaseAuthCombine-Community";
		};
		FB5A80242D947EDF00062B8F /* FirebaseCore */ = {
			isa = XCSwiftPackageProductDependency;
			package = FB5A801D2D947EDF00062B8F /* XCRemoteSwiftPackageReference "firebase-ios-sdk" */;
			productName = FirebaseCore;
		};
		FB5A80262D947EDF00062B8F /* FirebaseDatabase */ = {
			isa = XCSwiftPackageProductDependency;
			package = FB5A801D2D947EDF00062B8F /* XCRemoteSwiftPackageReference "firebase-ios-sdk" */;
			productName = FirebaseDatabase;
		};
		FB5A80282D947EDF00062B8F /* FirebaseFirestore */ = {
			isa = XCSwiftPackageProductDependency;
			package = FB5A801D2D947EDF00062B8F /* XCRemoteSwiftPackageReference "firebase-ios-sdk" */;
			productName = FirebaseFirestore;
		};
		FB5A802A2D947EDF00062B8F /* FirebaseFirestoreCombine-Community */ = {
			isa = XCSwiftPackageProductDependency;
			package = FB5A801D2D947EDF00062B8F /* XCRemoteSwiftPackageReference "firebase-ios-sdk" */;
			productName = "FirebaseFirestoreCombine-Community";
		};
		FB5A802C2D947EDF00062B8F /* FirebaseStorage */ = {
			isa = XCSwiftPackageProductDependency;
			package = FB5A801D2D947EDF00062B8F /* XCRemoteSwiftPackageReference "firebase-ios-sdk" */;
			productName = FirebaseStorage;
		};
		FBB1B1BA2D905D7F00B30C49 /* Modals */ = {
			isa = XCSwiftPackageProductDependency;
			package = FBB1B1B92D905D7F00B30C49 /* XCRemoteSwiftPackageReference "Modals" */;
			productName = Modals;
		};
/* End XCSwiftPackageProductDependency section */
	};
	rootObject = FBCDBE1E2D8747680042E299 /* Project object */;
}
